// !$*UTF8*$!
{
	archiveVersion = 1;
	classes = {
	};
	objectVersion = 46;
	objects = {

/* Begin PBXBuildFile section */
		E62A58351C9731FF005EC7B7 /* AppDelegate.swift in Sources */ = {isa = PBXBuildFile; fileRef = E62A58341C9731FF005EC7B7 /* AppDelegate.swift */; };
		E62A58371C9731FF005EC7B7 /* OnePasswordsViewController.swift in Sources */ = {isa = PBXBuildFile; fileRef = E62A58361C9731FF005EC7B7 /* OnePasswordsViewController.swift */; };
		E62A58391C9731FF005EC7B7 /* Assets.xcassets in Resources */ = {isa = PBXBuildFile; fileRef = E62A58381C9731FF005EC7B7 /* Assets.xcassets */; };
		E62A583C1C9731FF005EC7B7 /* OnePasswords.storyboard in Resources */ = {isa = PBXBuildFile; fileRef = E62A583A1C9731FF005EC7B7 /* OnePasswords.storyboard */; };
		E62A58471C9731FF005EC7B7 /* DonoTests.swift in Sources */ = {isa = PBXBuildFile; fileRef = E62A58461C9731FF005EC7B7 /* DonoTests.swift */; };
		E62A58521C9731FF005EC7B7 /* DonoUITests.swift in Sources */ = {isa = PBXBuildFile; fileRef = E62A58511C9731FF005EC7B7 /* DonoUITests.swift */; };
		E62A58601C973210005EC7B7 /* OnePasswords.swift in Sources */ = {isa = PBXBuildFile; fileRef = E62A585F1C973210005EC7B7 /* OnePasswords.swift */; };
		E62A58621C973252005EC7B7 /* BigInt.swift in Sources */ = {isa = PBXBuildFile; fileRef = E62A58611C973252005EC7B7 /* BigInt.swift */; };
		E62A58651C9734A7005EC7B7 /* KeyViewController.swift in Sources */ = {isa = PBXBuildFile; fileRef = E62A58641C9734A7005EC7B7 /* KeyViewController.swift */; };
		E62A58671C9734B2005EC7B7 /* NewLabelViewController.swift in Sources */ = {isa = PBXBuildFile; fileRef = E62A58661C9734B2005EC7B7 /* NewLabelViewController.swift */; };
		E63B416C1C9889B30002508F /* NSColorFromHex.swift in Sources */ = {isa = PBXBuildFile; fileRef = E63B416B1C9889B30002508F /* NSColorFromHex.swift */; };
		E63B416E1C9889EE0002508F /* Pasteboard.swift in Sources */ = {isa = PBXBuildFile; fileRef = E63B416D1C9889EE0002508F /* Pasteboard.swift */; };
		E686A77B1C973D380060648C /* PersistableKey.swift in Sources */ = {isa = PBXBuildFile; fileRef = E686A7791C973D380060648C /* PersistableKey.swift */; };
		E686A77C1C973D380060648C /* PeristableLabels.swift in Sources */ = {isa = PBXBuildFile; fileRef = E686A77A1C973D380060648C /* PeristableLabels.swift */; };
		E686A77F1C973D900060648C /* StringWithAES.swift in Sources */ = {isa = PBXBuildFile; fileRef = E686A77E1C973D900060648C /* StringWithAES.swift */; };
		E6B3C4571CCA72DB009B9B84 /* CryptoSwift.framework in Frameworks */ = {isa = PBXBuildFile; fileRef = E6B3C4521CCA72B9009B9B84 /* CryptoSwift.framework */; };
		E6B3C4581CCA72DB009B9B84 /* CryptoSwift.framework in Embed Frameworks */ = {isa = PBXBuildFile; fileRef = E6B3C4521CCA72B9009B9B84 /* CryptoSwift.framework */; settings = {ATTRIBUTES = (CodeSignOnCopy, RemoveHeadersOnCopy, ); }; };
/* End PBXBuildFile section */

/* Begin PBXContainerItemProxy section */
		E62A58431C9731FF005EC7B7 /* PBXContainerItemProxy */ = {
			isa = PBXContainerItemProxy;
			containerPortal = E62A58291C9731FF005EC7B7 /* Project object */;
			proxyType = 1;
			remoteGlobalIDString = E62A58301C9731FF005EC7B7;
			remoteInfo = "One Passwords";
		};
		E62A584E1C9731FF005EC7B7 /* PBXContainerItemProxy */ = {
			isa = PBXContainerItemProxy;
			containerPortal = E62A58291C9731FF005EC7B7 /* Project object */;
			proxyType = 1;
			remoteGlobalIDString = E62A58301C9731FF005EC7B7;
			remoteInfo = "One Passwords";
		};
		E6B3C44D1CCA72B9009B9B84 /* PBXContainerItemProxy */ = {
			isa = PBXContainerItemProxy;
			containerPortal = E6B3C4451CCA72B8009B9B84 /* CryptoSwift.xcodeproj */;
			proxyType = 2;
			remoteGlobalIDString = 754BE45519693E190098E6F3;
			remoteInfo = "CryptoSwift iOS";
		};
		E6B3C44F1CCA72B9009B9B84 /* PBXContainerItemProxy */ = {
			isa = PBXContainerItemProxy;
			containerPortal = E6B3C4451CCA72B8009B9B84 /* CryptoSwift.xcodeproj */;
			proxyType = 2;
			remoteGlobalIDString = 5596BDBB1BC8F220007E38D5;
			remoteInfo = "CryptoSwift watchOS";
		};
		E6B3C4511CCA72B9009B9B84 /* PBXContainerItemProxy */ = {
			isa = PBXContainerItemProxy;
			containerPortal = E6B3C4451CCA72B8009B9B84 /* CryptoSwift.xcodeproj */;
			proxyType = 2;
			remoteGlobalIDString = 75DF77721BC8EB59006E9520;
			remoteInfo = "CryptoSwift OSX";
		};
		E6B3C4531CCA72B9009B9B84 /* PBXContainerItemProxy */ = {
			isa = PBXContainerItemProxy;
			containerPortal = E6B3C4451CCA72B8009B9B84 /* CryptoSwift.xcodeproj */;
			proxyType = 2;
			remoteGlobalIDString = 75D614BF1BD844F2001358B2;
			remoteInfo = "CryptoSwift tvOS";
		};
		E6B3C4551CCA72B9009B9B84 /* PBXContainerItemProxy */ = {
			isa = PBXContainerItemProxy;
			containerPortal = E6B3C4451CCA72B8009B9B84 /* CryptoSwift.xcodeproj */;
			proxyType = 2;
			remoteGlobalIDString = 754BE46019693E190098E6F3;
			remoteInfo = CryptoSwiftTests;
		};
		E6B3C4591CCA72DB009B9B84 /* PBXContainerItemProxy */ = {
			isa = PBXContainerItemProxy;
			containerPortal = E6B3C4451CCA72B8009B9B84 /* CryptoSwift.xcodeproj */;
			proxyType = 1;
			remoteGlobalIDString = 75DF77461BC8EB59006E9520;
			remoteInfo = "CryptoSwift OSX";
		};
/* End PBXContainerItemProxy section */

/* Begin PBXCopyFilesBuildPhase section */
		E686A7961C973DBC0060648C /* Embed Frameworks */ = {
			isa = PBXCopyFilesBuildPhase;
			buildActionMask = 2147483647;
			dstPath = "";
			dstSubfolderSpec = 10;
			files = (
				E6B3C4581CCA72DB009B9B84 /* CryptoSwift.framework in Embed Frameworks */,
			);
			name = "Embed Frameworks";
			runOnlyForDeploymentPostprocessing = 0;
		};
/* End PBXCopyFilesBuildPhase section */

/* Begin PBXFileReference section */
		E62A58311C9731FF005EC7B7 /* Dono.app */ = {isa = PBXFileReference; explicitFileType = wrapper.application; includeInIndex = 0; path = Dono.app; sourceTree = BUILT_PRODUCTS_DIR; };
		E62A58341C9731FF005EC7B7 /* AppDelegate.swift */ = {isa = PBXFileReference; lastKnownFileType = sourcecode.swift; path = AppDelegate.swift; sourceTree = "<group>"; };
		E62A58361C9731FF005EC7B7 /* OnePasswordsViewController.swift */ = {isa = PBXFileReference; lastKnownFileType = sourcecode.swift; path = OnePasswordsViewController.swift; sourceTree = "<group>"; };
		E62A58381C9731FF005EC7B7 /* Assets.xcassets */ = {isa = PBXFileReference; lastKnownFileType = folder.assetcatalog; path = Assets.xcassets; sourceTree = "<group>"; };
		E62A583B1C9731FF005EC7B7 /* Base */ = {isa = PBXFileReference; lastKnownFileType = file.storyboard; name = Base; path = Base.lproj/OnePasswords.storyboard; sourceTree = "<group>"; };
		E62A583D1C9731FF005EC7B7 /* Info.plist */ = {isa = PBXFileReference; lastKnownFileType = text.plist.xml; path = Info.plist; sourceTree = "<group>"; };
		E62A58421C9731FF005EC7B7 /* Dono.xctest */ = {isa = PBXFileReference; explicitFileType = wrapper.cfbundle; includeInIndex = 0; path = Dono.xctest; sourceTree = BUILT_PRODUCTS_DIR; };
		E62A58461C9731FF005EC7B7 /* DonoTests.swift */ = {isa = PBXFileReference; lastKnownFileType = sourcecode.swift; path = DonoTests.swift; sourceTree = "<group>"; };
		E62A58481C9731FF005EC7B7 /* Info.plist */ = {isa = PBXFileReference; lastKnownFileType = text.plist.xml; path = Info.plist; sourceTree = "<group>"; };
		E62A584D1C9731FF005EC7B7 /* Dono.xctest */ = {isa = PBXFileReference; explicitFileType = wrapper.cfbundle; includeInIndex = 0; path = Dono.xctest; sourceTree = BUILT_PRODUCTS_DIR; };
		E62A58511C9731FF005EC7B7 /* DonoUITests.swift */ = {isa = PBXFileReference; lastKnownFileType = sourcecode.swift; path = DonoUITests.swift; sourceTree = "<group>"; };
		E62A58531C9731FF005EC7B7 /* Info.plist */ = {isa = PBXFileReference; lastKnownFileType = text.plist.xml; path = Info.plist; sourceTree = "<group>"; };
		E62A585F1C973210005EC7B7 /* OnePasswords.swift */ = {isa = PBXFileReference; fileEncoding = 4; lastKnownFileType = sourcecode.swift; path = OnePasswords.swift; sourceTree = "<group>"; };
		E62A58611C973252005EC7B7 /* BigInt.swift */ = {isa = PBXFileReference; fileEncoding = 4; lastKnownFileType = sourcecode.swift; path = BigInt.swift; sourceTree = "<group>"; };
		E62A58631C973263005EC7B7 /* Header.h */ = {isa = PBXFileReference; lastKnownFileType = sourcecode.c.h; path = Header.h; sourceTree = "<group>"; };
		E62A58641C9734A7005EC7B7 /* KeyViewController.swift */ = {isa = PBXFileReference; fileEncoding = 4; lastKnownFileType = sourcecode.swift; path = KeyViewController.swift; sourceTree = "<group>"; };
		E62A58661C9734B2005EC7B7 /* NewLabelViewController.swift */ = {isa = PBXFileReference; fileEncoding = 4; lastKnownFileType = sourcecode.swift; path = NewLabelViewController.swift; sourceTree = "<group>"; };
		E63B416B1C9889B30002508F /* NSColorFromHex.swift */ = {isa = PBXFileReference; fileEncoding = 4; lastKnownFileType = sourcecode.swift; path = NSColorFromHex.swift; sourceTree = "<group>"; };
		E63B416D1C9889EE0002508F /* Pasteboard.swift */ = {isa = PBXFileReference; fileEncoding = 4; lastKnownFileType = sourcecode.swift; path = Pasteboard.swift; sourceTree = "<group>"; };
		E63B416F1C988E550002508F /* One Passwords.entitlements */ = {isa = PBXFileReference; lastKnownFileType = text.xml; path = "One Passwords.entitlements"; sourceTree = "<group>"; };
		E686A7791C973D380060648C /* PersistableKey.swift */ = {isa = PBXFileReference; fileEncoding = 4; lastKnownFileType = sourcecode.swift; path = PersistableKey.swift; sourceTree = "<group>"; };
		E686A77A1C973D380060648C /* PeristableLabels.swift */ = {isa = PBXFileReference; fileEncoding = 4; lastKnownFileType = sourcecode.swift; path = PeristableLabels.swift; sourceTree = "<group>"; };
		E686A77E1C973D900060648C /* StringWithAES.swift */ = {isa = PBXFileReference; fileEncoding = 4; lastKnownFileType = sourcecode.swift; path = StringWithAES.swift; sourceTree = "<group>"; };
		E6B3C4451CCA72B8009B9B84 /* CryptoSwift.xcodeproj */ = {isa = PBXFileReference; lastKnownFileType = "wrapper.pb-project"; name = CryptoSwift.xcodeproj; path = CryptoSwift/CryptoSwift.xcodeproj; sourceTree = "<group>"; };
/* End PBXFileReference section */

/* Begin PBXFrameworksBuildPhase section */
		E62A582E1C9731FF005EC7B7 /* Frameworks */ = {
			isa = PBXFrameworksBuildPhase;
			buildActionMask = 2147483647;
			files = (
				E6B3C4571CCA72DB009B9B84 /* CryptoSwift.framework in Frameworks */,
			);
			runOnlyForDeploymentPostprocessing = 0;
		};
		E62A583F1C9731FF005EC7B7 /* Frameworks */ = {
			isa = PBXFrameworksBuildPhase;
			buildActionMask = 2147483647;
			files = (
			);
			runOnlyForDeploymentPostprocessing = 0;
		};
		E62A584A1C9731FF005EC7B7 /* Frameworks */ = {
			isa = PBXFrameworksBuildPhase;
			buildActionMask = 2147483647;
			files = (
			);
			runOnlyForDeploymentPostprocessing = 0;
		};
/* End PBXFrameworksBuildPhase section */

/* Begin PBXGroup section */
		E62A58281C9731FF005EC7B7 = {
			isa = PBXGroup;
			children = (
				E6B3C4451CCA72B8009B9B84 /* CryptoSwift.xcodeproj */,
				E62A58331C9731FF005EC7B7 /* Dono */,
				E62A58451C9731FF005EC7B7 /* DonoTests */,
				E62A58501C9731FF005EC7B7 /* DonoUITests */,
				E62A58321C9731FF005EC7B7 /* Products */,
			);
			sourceTree = "<group>";
		};
		E62A58321C9731FF005EC7B7 /* Products */ = {
			isa = PBXGroup;
			children = (
				E62A58311C9731FF005EC7B7 /* Dono.app */,
				E62A58421C9731FF005EC7B7 /* Dono.xctest */,
				E62A584D1C9731FF005EC7B7 /* Dono.xctest */,
			);
			name = Products;
			sourceTree = "<group>";
		};
		E62A58331C9731FF005EC7B7 /* Dono */ = {
			isa = PBXGroup;
			children = (
				E63B416F1C988E550002508F /* One Passwords.entitlements */,
				E686A77D1C973D420060648C /* Models */,
				E686A7771C973D120060648C /* Core */,
				E686A7781C973D1A0060648C /* Utils */,
				E62A58631C973263005EC7B7 /* Header.h */,
				E62A58341C9731FF005EC7B7 /* AppDelegate.swift */,
				E686A7761C973D080060648C /* ViewControllers */,
				E62A58381C9731FF005EC7B7 /* Assets.xcassets */,
				E62A583A1C9731FF005EC7B7 /* OnePasswords.storyboard */,
				E62A583D1C9731FF005EC7B7 /* Info.plist */,
			);
			name = Dono;
			path = "One Passwords";
			sourceTree = "<group>";
		};
		E62A58451C9731FF005EC7B7 /* DonoTests */ = {
			isa = PBXGroup;
			children = (
				E62A58461C9731FF005EC7B7 /* DonoTests.swift */,
				E62A58481C9731FF005EC7B7 /* Info.plist */,
			);
			name = DonoTests;
			path = "One PasswordsTests";
			sourceTree = "<group>";
		};
		E62A58501C9731FF005EC7B7 /* DonoUITests */ = {
			isa = PBXGroup;
			children = (
				E62A58511C9731FF005EC7B7 /* DonoUITests.swift */,
				E62A58531C9731FF005EC7B7 /* Info.plist */,
			);
			name = DonoUITests;
			path = "One PasswordsUITests";
			sourceTree = "<group>";
		};
		E686A7761C973D080060648C /* ViewControllers */ = {
			isa = PBXGroup;
			children = (
				E62A58361C9731FF005EC7B7 /* OnePasswordsViewController.swift */,
				E62A58641C9734A7005EC7B7 /* KeyViewController.swift */,
				E62A58661C9734B2005EC7B7 /* NewLabelViewController.swift */,
			);
			name = ViewControllers;
			sourceTree = "<group>";
		};
		E686A7771C973D120060648C /* Core */ = {
			isa = PBXGroup;
			children = (
				E62A585F1C973210005EC7B7 /* OnePasswords.swift */,
			);
			name = Core;
			sourceTree = "<group>";
		};
		E686A7781C973D1A0060648C /* Utils */ = {
			isa = PBXGroup;
			children = (
				E63B416D1C9889EE0002508F /* Pasteboard.swift */,
				E63B416B1C9889B30002508F /* NSColorFromHex.swift */,
				E686A77E1C973D900060648C /* StringWithAES.swift */,
				E62A58611C973252005EC7B7 /* BigInt.swift */,
			);
			name = Utils;
			sourceTree = "<group>";
		};
		E686A77D1C973D420060648C /* Models */ = {
			isa = PBXGroup;
			children = (
				E686A7791C973D380060648C /* PersistableKey.swift */,
				E686A77A1C973D380060648C /* PeristableLabels.swift */,
			);
			name = Models;
			sourceTree = "<group>";
		};
		E6B3C4461CCA72B8009B9B84 /* Products */ = {
			isa = PBXGroup;
			children = (
				E6B3C44E1CCA72B9009B9B84 /* CryptoSwift.framework */,
				E6B3C4501CCA72B9009B9B84 /* CryptoSwift.framework */,
				E6B3C4521CCA72B9009B9B84 /* CryptoSwift.framework */,
				E6B3C4541CCA72B9009B9B84 /* CryptoSwift.framework */,
				E6B3C4561CCA72B9009B9B84 /* CryptoSwiftTests.xctest */,
			);
			name = Products;
			sourceTree = "<group>";
		};
/* End PBXGroup section */

/* Begin PBXNativeTarget section */
		E62A58301C9731FF005EC7B7 /* Dono */ = {
			isa = PBXNativeTarget;
			buildConfigurationList = E62A58561C9731FF005EC7B7 /* Build configuration list for PBXNativeTarget "Dono" */;
			buildPhases = (
				E62A582D1C9731FF005EC7B7 /* Sources */,
				E62A582E1C9731FF005EC7B7 /* Frameworks */,
				E62A582F1C9731FF005EC7B7 /* Resources */,
				E686A7961C973DBC0060648C /* Embed Frameworks */,
			);
			buildRules = (
			);
			dependencies = (
				E6B3C45A1CCA72DB009B9B84 /* PBXTargetDependency */,
			);
			name = Dono;
			productName = "One Passwords";
			productReference = E62A58311C9731FF005EC7B7 /* Dono.app */;
			productType = "com.apple.product-type.application";
		};
		E62A58411C9731FF005EC7B7 /* DonoTests */ = {
			isa = PBXNativeTarget;
			buildConfigurationList = E62A58591C9731FF005EC7B7 /* Build configuration list for PBXNativeTarget "DonoTests" */;
			buildPhases = (
				E62A583E1C9731FF005EC7B7 /* Sources */,
				E62A583F1C9731FF005EC7B7 /* Frameworks */,
				E62A58401C9731FF005EC7B7 /* Resources */,
			);
			buildRules = (
			);
			dependencies = (
				E62A58441C9731FF005EC7B7 /* PBXTargetDependency */,
			);
			name = DonoTests;
			productName = "One PasswordsTests";
			productReference = E62A58421C9731FF005EC7B7 /* Dono.xctest */;
			productType = "com.apple.product-type.bundle.unit-test";
		};
		E62A584C1C9731FF005EC7B7 /* DonoUITests */ = {
			isa = PBXNativeTarget;
			buildConfigurationList = E62A585C1C9731FF005EC7B7 /* Build configuration list for PBXNativeTarget "DonoUITests" */;
			buildPhases = (
				E62A58491C9731FF005EC7B7 /* Sources */,
				E62A584A1C9731FF005EC7B7 /* Frameworks */,
				E62A584B1C9731FF005EC7B7 /* Resources */,
			);
			buildRules = (
			);
			dependencies = (
				E62A584F1C9731FF005EC7B7 /* PBXTargetDependency */,
			);
			name = DonoUITests;
			productName = "One PasswordsUITests";
			productReference = E62A584D1C9731FF005EC7B7 /* Dono.xctest */;
			productType = "com.apple.product-type.bundle.ui-testing";
		};
/* End PBXNativeTarget section */

/* Begin PBXProject section */
		E62A58291C9731FF005EC7B7 /* Project object */ = {
			isa = PBXProject;
			attributes = {
				LastSwiftUpdateCheck = 0720;
				LastUpgradeCheck = 0720;
				ORGANIZATIONNAME = "Panos Sakkos";
				TargetAttributes = {
					E62A58301C9731FF005EC7B7 = {
						CreatedOnToolsVersion = 7.2.1;
						SystemCapabilities = {
							com.apple.Sandbox = {
								enabled = 1;
							};
						};
					};
					E62A58411C9731FF005EC7B7 = {
						CreatedOnToolsVersion = 7.2.1;
						TestTargetID = E62A58301C9731FF005EC7B7;
					};
					E62A584C1C9731FF005EC7B7 = {
						CreatedOnToolsVersion = 7.2.1;
						TestTargetID = E62A58301C9731FF005EC7B7;
					};
				};
			};
			buildConfigurationList = E62A582C1C9731FF005EC7B7 /* Build configuration list for PBXProject "Dono" */;
			compatibilityVersion = "Xcode 3.2";
			developmentRegion = English;
			hasScannedForEncodings = 0;
			knownRegions = (
				en,
				Base,
			);
			mainGroup = E62A58281C9731FF005EC7B7;
			productRefGroup = E62A58321C9731FF005EC7B7 /* Products */;
			projectDirPath = "";
			projectReferences = (
				{
					ProductGroup = E6B3C4461CCA72B8009B9B84 /* Products */;
					ProjectRef = E6B3C4451CCA72B8009B9B84 /* CryptoSwift.xcodeproj */;
				},
			);
			projectRoot = "";
			targets = (
				E62A58301C9731FF005EC7B7 /* Dono */,
				E62A58411C9731FF005EC7B7 /* DonoTests */,
				E62A584C1C9731FF005EC7B7 /* DonoUITests */,
			);
		};
/* End PBXProject section */

/* Begin PBXReferenceProxy section */
		E6B3C44E1CCA72B9009B9B84 /* CryptoSwift.framework */ = {
			isa = PBXReferenceProxy;
			fileType = wrapper.framework;
			path = CryptoSwift.framework;
			remoteRef = E6B3C44D1CCA72B9009B9B84 /* PBXContainerItemProxy */;
			sourceTree = BUILT_PRODUCTS_DIR;
		};
		E6B3C4501CCA72B9009B9B84 /* CryptoSwift.framework */ = {
			isa = PBXReferenceProxy;
			fileType = wrapper.framework;
			path = CryptoSwift.framework;
			remoteRef = E6B3C44F1CCA72B9009B9B84 /* PBXContainerItemProxy */;
			sourceTree = BUILT_PRODUCTS_DIR;
		};
		E6B3C4521CCA72B9009B9B84 /* CryptoSwift.framework */ = {
			isa = PBXReferenceProxy;
			fileType = wrapper.framework;
			path = CryptoSwift.framework;
			remoteRef = E6B3C4511CCA72B9009B9B84 /* PBXContainerItemProxy */;
			sourceTree = BUILT_PRODUCTS_DIR;
		};
		E6B3C4541CCA72B9009B9B84 /* CryptoSwift.framework */ = {
			isa = PBXReferenceProxy;
			fileType = wrapper.framework;
			path = CryptoSwift.framework;
			remoteRef = E6B3C4531CCA72B9009B9B84 /* PBXContainerItemProxy */;
			sourceTree = BUILT_PRODUCTS_DIR;
		};
		E6B3C4561CCA72B9009B9B84 /* CryptoSwiftTests.xctest */ = {
			isa = PBXReferenceProxy;
			fileType = wrapper.cfbundle;
			path = CryptoSwiftTests.xctest;
			remoteRef = E6B3C4551CCA72B9009B9B84 /* PBXContainerItemProxy */;
			sourceTree = BUILT_PRODUCTS_DIR;
		};
/* End PBXReferenceProxy section */

/* Begin PBXResourcesBuildPhase section */
		E62A582F1C9731FF005EC7B7 /* Resources */ = {
			isa = PBXResourcesBuildPhase;
			buildActionMask = 2147483647;
			files = (
				E62A58391C9731FF005EC7B7 /* Assets.xcassets in Resources */,
				E62A583C1C9731FF005EC7B7 /* OnePasswords.storyboard in Resources */,
			);
			runOnlyForDeploymentPostprocessing = 0;
		};
		E62A58401C9731FF005EC7B7 /* Resources */ = {
			isa = PBXResourcesBuildPhase;
			buildActionMask = 2147483647;
			files = (
			);
			runOnlyForDeploymentPostprocessing = 0;
		};
		E62A584B1C9731FF005EC7B7 /* Resources */ = {
			isa = PBXResourcesBuildPhase;
			buildActionMask = 2147483647;
			files = (
			);
			runOnlyForDeploymentPostprocessing = 0;
		};
/* End PBXResourcesBuildPhase section */

/* Begin PBXSourcesBuildPhase section */
		E62A582D1C9731FF005EC7B7 /* Sources */ = {
			isa = PBXSourcesBuildPhase;
			buildActionMask = 2147483647;
			files = (
				E62A58621C973252005EC7B7 /* BigInt.swift in Sources */,
				E686A77B1C973D380060648C /* PersistableKey.swift in Sources */,
				E63B416C1C9889B30002508F /* NSColorFromHex.swift in Sources */,
				E686A77F1C973D900060648C /* StringWithAES.swift in Sources */,
				E62A58601C973210005EC7B7 /* OnePasswords.swift in Sources */,
				E62A58371C9731FF005EC7B7 /* OnePasswordsViewController.swift in Sources */,
				E62A58651C9734A7005EC7B7 /* KeyViewController.swift in Sources */,
				E686A77C1C973D380060648C /* PeristableLabels.swift in Sources */,
				E62A58671C9734B2005EC7B7 /* NewLabelViewController.swift in Sources */,
				E62A58351C9731FF005EC7B7 /* AppDelegate.swift in Sources */,
				E63B416E1C9889EE0002508F /* Pasteboard.swift in Sources */,
			);
			runOnlyForDeploymentPostprocessing = 0;
		};
		E62A583E1C9731FF005EC7B7 /* Sources */ = {
			isa = PBXSourcesBuildPhase;
			buildActionMask = 2147483647;
			files = (
				E62A58471C9731FF005EC7B7 /* DonoTests.swift in Sources */,
			);
			runOnlyForDeploymentPostprocessing = 0;
		};
		E62A58491C9731FF005EC7B7 /* Sources */ = {
			isa = PBXSourcesBuildPhase;
			buildActionMask = 2147483647;
			files = (
				E62A58521C9731FF005EC7B7 /* DonoUITests.swift in Sources */,
			);
			runOnlyForDeploymentPostprocessing = 0;
		};
/* End PBXSourcesBuildPhase section */

/* Begin PBXTargetDependency section */
		E62A58441C9731FF005EC7B7 /* PBXTargetDependency */ = {
			isa = PBXTargetDependency;
			target = E62A58301C9731FF005EC7B7 /* Dono */;
			targetProxy = E62A58431C9731FF005EC7B7 /* PBXContainerItemProxy */;
		};
		E62A584F1C9731FF005EC7B7 /* PBXTargetDependency */ = {
			isa = PBXTargetDependency;
			target = E62A58301C9731FF005EC7B7 /* Dono */;
			targetProxy = E62A584E1C9731FF005EC7B7 /* PBXContainerItemProxy */;
		};
		E6B3C45A1CCA72DB009B9B84 /* PBXTargetDependency */ = {
			isa = PBXTargetDependency;
			name = "CryptoSwift OSX";
			targetProxy = E6B3C4591CCA72DB009B9B84 /* PBXContainerItemProxy */;
		};
/* End PBXTargetDependency section */

/* Begin PBXVariantGroup section */
		E62A583A1C9731FF005EC7B7 /* OnePasswords.storyboard */ = {
			isa = PBXVariantGroup;
			children = (
				E62A583B1C9731FF005EC7B7 /* Base */,
			);
			name = OnePasswords.storyboard;
			sourceTree = "<group>";
		};
/* End PBXVariantGroup section */

/* Begin XCBuildConfiguration section */
		E62A58541C9731FF005EC7B7 /* Debug */ = {
			isa = XCBuildConfiguration;
			buildSettings = {
				ALWAYS_SEARCH_USER_PATHS = NO;
				CLANG_CXX_LANGUAGE_STANDARD = "gnu++0x";
				CLANG_CXX_LIBRARY = "libc++";
				CLANG_ENABLE_MODULES = YES;
				CLANG_ENABLE_OBJC_ARC = YES;
				CLANG_WARN_BOOL_CONVERSION = YES;
				CLANG_WARN_CONSTANT_CONVERSION = YES;
				CLANG_WARN_DIRECT_OBJC_ISA_USAGE = YES_ERROR;
				CLANG_WARN_EMPTY_BODY = YES;
				CLANG_WARN_ENUM_CONVERSION = YES;
				CLANG_WARN_INT_CONVERSION = YES;
				CLANG_WARN_OBJC_ROOT_CLASS = YES_ERROR;
				CLANG_WARN_UNREACHABLE_CODE = YES;
				CLANG_WARN__DUPLICATE_METHOD_MATCH = YES;
				CODE_SIGN_IDENTITY = "-";
				COPY_PHASE_STRIP = NO;
				DEBUG_INFORMATION_FORMAT = dwarf;
				ENABLE_STRICT_OBJC_MSGSEND = YES;
				ENABLE_TESTABILITY = YES;
				GCC_C_LANGUAGE_STANDARD = gnu99;
				GCC_DYNAMIC_NO_PIC = NO;
				GCC_NO_COMMON_BLOCKS = YES;
				GCC_OPTIMIZATION_LEVEL = 0;
				GCC_PREPROCESSOR_DEFINITIONS = (
					"DEBUG=1",
					"$(inherited)",
				);
				GCC_WARN_64_TO_32_BIT_CONVERSION = YES;
				GCC_WARN_ABOUT_RETURN_TYPE = YES_ERROR;
				GCC_WARN_UNDECLARED_SELECTOR = YES;
				GCC_WARN_UNINITIALIZED_AUTOS = YES_AGGRESSIVE;
				GCC_WARN_UNUSED_FUNCTION = YES;
				GCC_WARN_UNUSED_VARIABLE = YES;
				MACOSX_DEPLOYMENT_TARGET = 10.11;
				MTL_ENABLE_DEBUG_INFO = YES;
				ONLY_ACTIVE_ARCH = YES;
				SDKROOT = macosx;
				SWIFT_OPTIMIZATION_LEVEL = "-Onone";
			};
			name = Debug;
		};
		E62A58551C9731FF005EC7B7 /* Release */ = {
			isa = XCBuildConfiguration;
			buildSettings = {
				ALWAYS_SEARCH_USER_PATHS = NO;
				CLANG_CXX_LANGUAGE_STANDARD = "gnu++0x";
				CLANG_CXX_LIBRARY = "libc++";
				CLANG_ENABLE_MODULES = YES;
				CLANG_ENABLE_OBJC_ARC = YES;
				CLANG_WARN_BOOL_CONVERSION = YES;
				CLANG_WARN_CONSTANT_CONVERSION = YES;
				CLANG_WARN_DIRECT_OBJC_ISA_USAGE = YES_ERROR;
				CLANG_WARN_EMPTY_BODY = YES;
				CLANG_WARN_ENUM_CONVERSION = YES;
				CLANG_WARN_INT_CONVERSION = YES;
				CLANG_WARN_OBJC_ROOT_CLASS = YES_ERROR;
				CLANG_WARN_UNREACHABLE_CODE = YES;
				CLANG_WARN__DUPLICATE_METHOD_MATCH = YES;
				CODE_SIGN_IDENTITY = "-";
				COPY_PHASE_STRIP = NO;
				DEBUG_INFORMATION_FORMAT = "dwarf-with-dsym";
				ENABLE_NS_ASSERTIONS = NO;
				ENABLE_STRICT_OBJC_MSGSEND = YES;
				GCC_C_LANGUAGE_STANDARD = gnu99;
				GCC_NO_COMMON_BLOCKS = YES;
				GCC_WARN_64_TO_32_BIT_CONVERSION = YES;
				GCC_WARN_ABOUT_RETURN_TYPE = YES_ERROR;
				GCC_WARN_UNDECLARED_SELECTOR = YES;
				GCC_WARN_UNINITIALIZED_AUTOS = YES_AGGRESSIVE;
				GCC_WARN_UNUSED_FUNCTION = YES;
				GCC_WARN_UNUSED_VARIABLE = YES;
				MACOSX_DEPLOYMENT_TARGET = 10.11;
				MTL_ENABLE_DEBUG_INFO = NO;
				SDKROOT = macosx;
			};
			name = Release;
		};
		E62A58571C9731FF005EC7B7 /* Debug */ = {
			isa = XCBuildConfiguration;
			buildSettings = {
				ASSETCATALOG_COMPILER_APPICON_NAME = AppIcon;
				CODE_SIGN_ENTITLEMENTS = "One Passwords/One Passwords.entitlements";
				COMBINE_HIDPI_IMAGES = YES;
				EMBEDDED_CONTENT_CONTAINS_SWIFT = YES;
				INFOPLIST_FILE = "One Passwords/Info.plist";
				LD_RUNPATH_SEARCH_PATHS = "$(inherited) @executable_path/../Frameworks";
				MACOSX_DEPLOYMENT_TARGET = 10.10;
				PRODUCT_BUNDLE_IDENTIFIER = com.psakkos.onepasswords.macos;
				PRODUCT_NAME = Dono;
				SWIFT_OBJC_BRIDGING_HEADER = "One Passwords/Header.h";
			};
			name = Debug;
		};
		E62A58581C9731FF005EC7B7 /* Release */ = {
			isa = XCBuildConfiguration;
			buildSettings = {
				ASSETCATALOG_COMPILER_APPICON_NAME = AppIcon;
				CODE_SIGN_ENTITLEMENTS = "One Passwords/One Passwords.entitlements";
				COMBINE_HIDPI_IMAGES = YES;
				EMBEDDED_CONTENT_CONTAINS_SWIFT = YES;
				INFOPLIST_FILE = "One Passwords/Info.plist";
				LD_RUNPATH_SEARCH_PATHS = "$(inherited) @executable_path/../Frameworks";
				MACOSX_DEPLOYMENT_TARGET = 10.10;
				PRODUCT_BUNDLE_IDENTIFIER = com.psakkos.onepasswords.macos;
				PRODUCT_NAME = Dono;
				SWIFT_OBJC_BRIDGING_HEADER = "One Passwords/Header.h";
			};
			name = Release;
		};
		E62A585A1C9731FF005EC7B7 /* Debug */ = {
			isa = XCBuildConfiguration;
			buildSettings = {
				BUNDLE_LOADER = "$(TEST_HOST)";
				COMBINE_HIDPI_IMAGES = YES;
				INFOPLIST_FILE = "One PasswordsTests/Info.plist";
				LD_RUNPATH_SEARCH_PATHS = "$(inherited) @executable_path/../Frameworks @loader_path/../Frameworks";
				PRODUCT_BUNDLE_IDENTIFIER = "OnePasswords.One-PasswordsTests";
				PRODUCT_NAME = Dono;
				TEST_HOST = "$(BUILT_PRODUCTS_DIR)/Dono.app/Contents/MacOS/Dono";
			};
			name = Debug;
		};
		E62A585B1C9731FF005EC7B7 /* Release */ = {
			isa = XCBuildConfiguration;
			buildSettings = {
				BUNDLE_LOADER = "$(TEST_HOST)";
				COMBINE_HIDPI_IMAGES = YES;
				INFOPLIST_FILE = "One PasswordsTests/Info.plist";
				LD_RUNPATH_SEARCH_PATHS = "$(inherited) @executable_path/../Frameworks @loader_path/../Frameworks";
				PRODUCT_BUNDLE_IDENTIFIER = "OnePasswords.One-PasswordsTests";
				PRODUCT_NAME = Dono;
				TEST_HOST = "$(BUILT_PRODUCTS_DIR)/Dono.app/Contents/MacOS/Dono";
			};
			name = Release;
		};
		E62A585D1C9731FF005EC7B7 /* Debug */ = {
			isa = XCBuildConfiguration;
			buildSettings = {
				COMBINE_HIDPI_IMAGES = YES;
				INFOPLIST_FILE = "One PasswordsUITests/Info.plist";
				LD_RUNPATH_SEARCH_PATHS = "$(inherited) @executable_path/../Frameworks @loader_path/../Frameworks";
				PRODUCT_BUNDLE_IDENTIFIER = "OnePasswords.One-PasswordsUITests";
				PRODUCT_NAME = Dono;
				TEST_TARGET_NAME = "One Passwords";
				USES_XCTRUNNER = YES;
			};
			name = Debug;
		};
		E62A585E1C9731FF005EC7B7 /* Release */ = {
			isa = XCBuildConfiguration;
			buildSettings = {
				COMBINE_HIDPI_IMAGES = YES;
				INFOPLIST_FILE = "One PasswordsUITests/Info.plist";
				LD_RUNPATH_SEARCH_PATHS = "$(inherited) @executable_path/../Frameworks @loader_path/../Frameworks";
				PRODUCT_BUNDLE_IDENTIFIER = "OnePasswords.One-PasswordsUITests";
				PRODUCT_NAME = Dono;
				TEST_TARGET_NAME = "One Passwords";
				USES_XCTRUNNER = YES;
			};
			name = Release;
		};
/* End XCBuildConfiguration section */

/* Begin XCConfigurationList section */
		E62A582C1C9731FF005EC7B7 /* Build configuration list for PBXProject "Dono" */ = {
			isa = XCConfigurationList;
			buildConfigurations = (
				E62A58541C9731FF005EC7B7 /* Debug */,
				E62A58551C9731FF005EC7B7 /* Release */,
			);
			defaultConfigurationIsVisible = 0;
			defaultConfigurationName = Release;
		};
		E62A58561C9731FF005EC7B7 /* Build configuration list for PBXNativeTarget "Dono" */ = {
			isa = XCConfigurationList;
			buildConfigurations = (
				E62A58571C9731FF005EC7B7 /* Debug */,
				E62A58581C9731FF005EC7B7 /* Release */,
			);
			defaultConfigurationIsVisible = 0;
			defaultConfigurationName = Release;
		};
		E62A58591C9731FF005EC7B7 /* Build configuration list for PBXNativeTarget "DonoTests" */ = {
			isa = XCConfigurationList;
			buildConfigurations = (
				E62A585A1C9731FF005EC7B7 /* Debug */,
				E62A585B1C9731FF005EC7B7 /* Release */,
			);
			defaultConfigurationIsVisible = 0;
			defaultConfigurationName = Release;
		};
		E62A585C1C9731FF005EC7B7 /* Build configuration list for PBXNativeTarget "DonoUITests" */ = {
			isa = XCConfigurationList;
			buildConfigurations = (
				E62A585D1C9731FF005EC7B7 /* Debug */,
				E62A585E1C9731FF005EC7B7 /* Release */,
			);
			defaultConfigurationIsVisible = 0;
			defaultConfigurationName = Release;
		};
/* End XCConfigurationList section */
	};
	rootObject = E62A58291C9731FF005EC7B7 /* Project object */;
}
